<?xml version="1.0" encoding="UTF-8" standalone="yes" ?>
<CodeBlocks_project_file>
	<FileVersion major="1" minor="6" />
	<Project>
		<Option title="untitled" />
		<Option pch_mode="2" />
		<Option compiler="gcc" />
		<Build>
			<Target title="default">
				<Option output="tumorGenomeSim" prefix_auto="1" extension_auto="1" />
				<Option type="0" />
				<Option compiler="gcc" />
				<Option parameters="-conf /bioinfo/users/vboeva/Desktop/TMP/config.K27ac.txt" />
			</Target>
		</Build>
		<Unit filename="Chameleon.cpp" />
		<Unit filename="Chameleon.h" />
		<Unit filename="Chromosome.cpp" />
		<Unit filename="Chromosome.h" />
		<Unit filename="ConfigFile.cpp" />
		<Unit filename="ConfigFile.h" />
		<Unit filename="Genome.cpp" />
		<Unit filename="Genome.h" />
		<Unit filename="GenomeElement.cpp" />
		<Unit filename="GenomeElement.h" />
		<Unit filename="main.cpp" />
		<Unit filename="myFunc.cpp" />
		<Unit filename="myFunc.h" />
		<Unit filename="tgsim.h" />
		<Extensions>
			<code_completion />
			<debugger />
		</Extensions>
	</Project>
</CodeBlocks_project_file>
